// !$*UTF8*$!
{
	archiveVersion = 1;
	classes = {
	};
	objectVersion = 56;
	objects = {

/* Begin PBXBuildFile section */
		DA8B79B32B68E27100239AE2 /* SwiftUIStateSystemApp.swift in Sources */ = {isa = PBXBuildFile; fileRef = DA8B79B22B68E27100239AE2 /* SwiftUIStateSystemApp.swift */; };
		DA8B79B52B68E27100239AE2 /* ContentView.swift in Sources */ = {isa = PBXBuildFile; fileRef = DA8B79B42B68E27100239AE2 /* ContentView.swift */; };
		DA8B79B72B68E27200239AE2 /* Assets.xcassets in Resources */ = {isa = PBXBuildFile; fileRef = DA8B79B62B68E27200239AE2 /* Assets.xcassets */; };
		DA8B79BA2B68E27200239AE2 /* Preview Assets.xcassets in Resources */ = {isa = PBXBuildFile; fileRef = DA8B79B92B68E27200239AE2 /* Preview Assets.xcassets */; };
		DA8B79CD2B6905A200239AE2 /* SwiftUIStateSystemTests.swift in Sources */ = {isa = PBXBuildFile; fileRef = DA8B79CC2B6905A200239AE2 /* SwiftUIStateSystemTests.swift */; };
		DA8B79D32B6905D900239AE2 /* View.swift in Sources */ = {isa = PBXBuildFile; fileRef = DA8B79C02B6903FB00239AE2 /* View.swift */; };
		DA8B79D42B69061F00239AE2 /* Button.swift in Sources */ = {isa = PBXBuildFile; fileRef = DA8B79C22B69048F00239AE2 /* Button.swift */; };
		DA8B79D62B69087900239AE2 /* Model.swift in Sources */ = {isa = PBXBuildFile; fileRef = DA8B79D52B69087900239AE2 /* Model.swift */; };
/* End PBXBuildFile section */

/* Begin PBXContainerItemProxy section */
		DA8B79CE2B6905A200239AE2 /* PBXContainerItemProxy */ = {
			isa = PBXContainerItemProxy;
			containerPortal = DA8B79A72B68E27100239AE2 /* Project object */;
			proxyType = 1;
			remoteGlobalIDString = DA8B79AE2B68E27100239AE2;
			remoteInfo = SwiftUIStateSystem;
		};
/* End PBXContainerItemProxy section */

/* Begin PBXFileReference section */
		DA8B79AF2B68E27100239AE2 /* SwiftUIStateSystem.app */ = {isa = PBXFileReference; explicitFileType = wrapper.application; includeInIndex = 0; path = SwiftUIStateSystem.app; sourceTree = BUILT_PRODUCTS_DIR; };
		DA8B79B22B68E27100239AE2 /* SwiftUIStateSystemApp.swift */ = {isa = PBXFileReference; lastKnownFileType = sourcecode.swift; path = SwiftUIStateSystemApp.swift; sourceTree = "<group>"; };
		DA8B79B42B68E27100239AE2 /* ContentView.swift */ = {isa = PBXFileReference; lastKnownFileType = sourcecode.swift; path = ContentView.swift; sourceTree = "<group>"; };
		DA8B79B62B68E27200239AE2 /* Assets.xcassets */ = {isa = PBXFileReference; lastKnownFileType = folder.assetcatalog; path = Assets.xcassets; sourceTree = "<group>"; };
		DA8B79B92B68E27200239AE2 /* Preview Assets.xcassets */ = {isa = PBXFileReference; lastKnownFileType = folder.assetcatalog; path = "Preview Assets.xcassets"; sourceTree = "<group>"; };
		DA8B79C02B6903FB00239AE2 /* View.swift */ = {isa = PBXFileReference; lastKnownFileType = sourcecode.swift; path = View.swift; sourceTree = "<group>"; };
		DA8B79C22B69048F00239AE2 /* Button.swift */ = {isa = PBXFileReference; lastKnownFileType = sourcecode.swift; path = Button.swift; sourceTree = "<group>"; };
		DA8B79CA2B6905A200239AE2 /* SwiftUIStateSystemTests.xctest */ = {isa = PBXFileReference; explicitFileType = wrapper.cfbundle; includeInIndex = 0; path = SwiftUIStateSystemTests.xctest; sourceTree = BUILT_PRODUCTS_DIR; };
		DA8B79CC2B6905A200239AE2 /* SwiftUIStateSystemTests.swift */ = {isa = PBXFileReference; lastKnownFileType = sourcecode.swift; path = SwiftUIStateSystemTests.swift; sourceTree = "<group>"; };
		DA8B79D52B69087900239AE2 /* Model.swift */ = {isa = PBXFileReference; lastKnownFileType = sourcecode.swift; path = Model.swift; sourceTree = "<group>"; };
/* End PBXFileReference section */

/* Begin PBXFrameworksBuildPhase section */
		DA8B79AC2B68E27100239AE2 /* Frameworks */ = {
			isa = PBXFrameworksBuildPhase;
			buildActionMask = 2147483647;
			files = (
			);
			runOnlyForDeploymentPostprocessing = 0;
		};
		DA8B79C72B6905A200239AE2 /* Frameworks */ = {
			isa = PBXFrameworksBuildPhase;
			buildActionMask = 2147483647;
			files = (
			);
			runOnlyForDeploymentPostprocessing = 0;
		};
/* End PBXFrameworksBuildPhase section */

/* Begin PBXGroup section */
		DA8B79A62B68E27100239AE2 = {
			isa = PBXGroup;
			children = (
				DA8B79B12B68E27100239AE2 /* SwiftUIStateSystem */,
				DA8B79CB2B6905A200239AE2 /* SwiftUIStateSystemTests */,
				DA8B79B02B68E27100239AE2 /* Products */,
			);
			sourceTree = "<group>";
		};
		DA8B79B02B68E27100239AE2 /* Products */ = {
			isa = PBXGroup;
			children = (
				DA8B79AF2B68E27100239AE2 /* SwiftUIStateSystem.app */,
				DA8B79CA2B6905A200239AE2 /* SwiftUIStateSystemTests.xctest */,
			);
			name = Products;
			sourceTree = "<group>";
		};
		DA8B79B12B68E27100239AE2 /* SwiftUIStateSystem */ = {
			isa = PBXGroup;
			children = (
				DA8B79B22B68E27100239AE2 /* SwiftUIStateSystemApp.swift */,
				DA8B79B42B68E27100239AE2 /* ContentView.swift */,
				DA8B79B62B68E27200239AE2 /* Assets.xcassets */,
				DA8B79B82B68E27200239AE2 /* Preview Content */,
			);
			path = SwiftUIStateSystem;
			sourceTree = "<group>";
		};
		DA8B79B82B68E27200239AE2 /* Preview Content */ = {
			isa = PBXGroup;
			children = (
				DA8B79B92B68E27200239AE2 /* Preview Assets.xcassets */,
			);
			path = "Preview Content";
			sourceTree = "<group>";
		};
		DA8B79CB2B6905A200239AE2 /* SwiftUIStateSystemTests */ = {
			isa = PBXGroup;
			children = (
				DA8B79C02B6903FB00239AE2 /* View.swift */,
				DA8B79C22B69048F00239AE2 /* Button.swift */,
				DA8B79CC2B6905A200239AE2 /* SwiftUIStateSystemTests.swift */,
				DA8B79D52B69087900239AE2 /* Model.swift */,
			);
			path = SwiftUIStateSystemTests;
			sourceTree = "<group>";
		};
/* End PBXGroup section */

/* Begin PBXNativeTarget section */
		DA8B79AE2B68E27100239AE2 /* SwiftUIStateSystem */ = {
			isa = PBXNativeTarget;
			buildConfigurationList = DA8B79BD2B68E27200239AE2 /* Build configuration list for PBXNativeTarget "SwiftUIStateSystem" */;
			buildPhases = (
				DA8B79AB2B68E27100239AE2 /* Sources */,
				DA8B79AC2B68E27100239AE2 /* Frameworks */,
				DA8B79AD2B68E27100239AE2 /* Resources */,
			);
			buildRules = (
			);
			dependencies = (
			);
			name = SwiftUIStateSystem;
			productName = SwiftUIStateSystem;
			productReference = DA8B79AF2B68E27100239AE2 /* SwiftUIStateSystem.app */;
			productType = "com.apple.product-type.application";
		};
		DA8B79C92B6905A200239AE2 /* SwiftUIStateSystemTests */ = {
			isa = PBXNativeTarget;
			buildConfigurationList = DA8B79D02B6905A200239AE2 /* Build configuration list for PBXNativeTarget "SwiftUIStateSystemTests" */;
			buildPhases = (
				DA8B79C62B6905A200239AE2 /* Sources */,
				DA8B79C72B6905A200239AE2 /* Frameworks */,
				DA8B79C82B6905A200239AE2 /* Resources */,
			);
			buildRules = (
			);
			dependencies = (
				DA8B79CF2B6905A200239AE2 /* PBXTargetDependency */,
			);
			name = SwiftUIStateSystemTests;
			productName = SwiftUIStateSystemTests;
			productReference = DA8B79CA2B6905A200239AE2 /* SwiftUIStateSystemTests.xctest */;
			productType = "com.apple.product-type.bundle.unit-test";
		};
/* End PBXNativeTarget section */

/* Begin PBXProject section */
		DA8B79A72B68E27100239AE2 /* Project object */ = {
			isa = PBXProject;
			attributes = {
				BuildIndependentTargetsInParallel = 1;
				LastSwiftUpdateCheck = 1430;
				LastUpgradeCheck = 1430;
				TargetAttributes = {
					DA8B79AE2B68E27100239AE2 = {
						CreatedOnToolsVersion = 14.3.1;
					};
					DA8B79C92B6905A200239AE2 = {
						CreatedOnToolsVersion = 14.3.1;
						TestTargetID = DA8B79AE2B68E27100239AE2;
					};
				};
			};
			buildConfigurationList = DA8B79AA2B68E27100239AE2 /* Build configuration list for PBXProject "SwiftUIStateSystem" */;
			compatibilityVersion = "Xcode 14.0";
			developmentRegion = en;
			hasScannedForEncodings = 0;
			knownRegions = (
				en,
				Base,
			);
			mainGroup = DA8B79A62B68E27100239AE2;
			productRefGroup = DA8B79B02B68E27100239AE2 /* Products */;
			projectDirPath = "";
			projectRoot = "";
			targets = (
				DA8B79AE2B68E27100239AE2 /* SwiftUIStateSystem */,
				DA8B79C92B6905A200239AE2 /* SwiftUIStateSystemTests */,
			);
		};
/* End PBXProject section */

/* Begin PBXResourcesBuildPhase section */
		DA8B79AD2B68E27100239AE2 /* Resources */ = {
			isa = PBXResourcesBuildPhase;
			buildActionMask = 2147483647;
			files = (
				DA8B79BA2B68E27200239AE2 /* Preview Assets.xcassets in Resources */,
				DA8B79B72B68E27200239AE2 /* Assets.xcassets in Resources */,
			);
			runOnlyForDeploymentPostprocessing = 0;
		};
		DA8B79C82B6905A200239AE2 /* Resources */ = {
			isa = PBXResourcesBuildPhase;
			buildActionMask = 2147483647;
			files = (
			);
			runOnlyForDeploymentPostprocessing = 0;
		};
/* End PBXResourcesBuildPhase section */

/* Begin PBXSourcesBuildPhase section */
		DA8B79AB2B68E27100239AE2 /* Sources */ = {
			isa = PBXSourcesBuildPhase;
			buildActionMask = 2147483647;
			files = (
				DA8B79B52B68E27100239AE2 /* ContentView.swift in Sources */,
				DA8B79B32B68E27100239AE2 /* SwiftUIStateSystemApp.swift in Sources */,
			);
			runOnlyForDeploymentPostprocessing = 0;
		};
		DA8B79C62B6905A200239AE2 /* Sources */ = {
			isa = PBXSourcesBuildPhase;
			buildActionMask = 2147483647;
			files = (
				DA8B79D32B6905D900239AE2 /* View.swift in Sources */,
				DA8B79D42B69061F00239AE2 /* Button.swift in Sources */,
				DA8B79CD2B6905A200239AE2 /* SwiftUIStateSystemTests.swift in Sources */,
				DA8B79D62B69087900239AE2 /* Model.swift in Sources */,
			);
			runOnlyForDeploymentPostprocessing = 0;
		};
/* End PBXSourcesBuildPhase section */

/* Begin PBXTargetDependency section */
		DA8B79CF2B6905A200239AE2 /* PBXTargetDependency */ = {
			isa = PBXTargetDependency;
			target = DA8B79AE2B68E27100239AE2 /* SwiftUIStateSystem */;
			targetProxy = DA8B79CE2B6905A200239AE2 /* PBXContainerItemProxy */;
		};
/* End PBXTargetDependency section */

/* Begin XCBuildConfiguration section */
		DA8B79BB2B68E27200239AE2 /* Debug */ = {
			isa = XCBuildConfiguration;
			buildSettings = {
				ALWAYS_SEARCH_USER_PATHS = NO;
				CLANG_ANALYZER_NONNULL = YES;
				CLANG_ANALYZER_NUMBER_OBJECT_CONVERSION = YES_AGGRESSIVE;
				CLANG_CXX_LANGUAGE_STANDARD = "gnu++20";
				CLANG_ENABLE_MODULES = YES;
				CLANG_ENABLE_OBJC_ARC = YES;
				CLANG_ENABLE_OBJC_WEAK = YES;
				CLANG_WARN_BLOCK_CAPTURE_AUTORELEASING = YES;
				CLANG_WARN_BOOL_CONVERSION = YES;
				CLANG_WARN_COMMA = YES;
				CLANG_WARN_CONSTANT_CONVERSION = YES;
				CLANG_WARN_DEPRECATED_OBJC_IMPLEMENTATIONS = YES;
				CLANG_WARN_DIRECT_OBJC_ISA_USAGE = YES_ERROR;
				CLANG_WARN_DOCUMENTATION_COMMENTS = YES;
				CLANG_WARN_EMPTY_BODY = YES;
				CLANG_WARN_ENUM_CONVERSION = YES;
				CLANG_WARN_INFINITE_RECURSION = YES;
				CLANG_WARN_INT_CONVERSION = YES;
				CLANG_WARN_NON_LITERAL_NULL_CONVERSION = YES;
				CLANG_WARN_OBJC_IMPLICIT_RETAIN_SELF = YES;
				CLANG_WARN_OBJC_LITERAL_CONVERSION = YES;
				CLANG_WARN_OBJC_ROOT_CLASS = YES_ERROR;
				CLANG_WARN_QUOTED_INCLUDE_IN_FRAMEWORK_HEADER = YES;
				CLANG_WARN_RANGE_LOOP_ANALYSIS = YES;
				CLANG_WARN_STRICT_PROTOTYPES = YES;
				CLANG_WARN_SUSPICIOUS_MOVE = YES;
				CLANG_WARN_UNGUARDED_AVAILABILITY = YES_AGGRESSIVE;
				CLANG_WARN_UNREACHABLE_CODE = YES;
				CLANG_WARN__DUPLICATE_METHOD_MATCH = YES;
				COPY_PHASE_STRIP = NO;
				DEBUG_INFORMATION_FORMAT = dwarf;
				ENABLE_STRICT_OBJC_MSGSEND = YES;
				ENABLE_TESTABILITY = YES;
				GCC_C_LANGUAGE_STANDARD = gnu11;
				GCC_DYNAMIC_NO_PIC = NO;
				GCC_NO_COMMON_BLOCKS = YES;
				GCC_OPTIMIZATION_LEVEL = 0;
				GCC_PREPROCESSOR_DEFINITIONS = (
					"DEBUG=1",
					"$(inherited)",
				);
				GCC_WARN_64_TO_32_BIT_CONVERSION = YES;
				GCC_WARN_ABOUT_RETURN_TYPE = YES_ERROR;
				GCC_WARN_UNDECLARED_SELECTOR = YES;
				GCC_WARN_UNINITIALIZED_AUTOS = YES_AGGRESSIVE;
				GCC_WARN_UNUSED_FUNCTION = YES;
				GCC_WARN_UNUSED_VARIABLE = YES;
				IPHONEOS_DEPLOYMENT_TARGET = 16.4;
				MTL_ENABLE_DEBUG_INFO = INCLUDE_SOURCE;
				MTL_FAST_MATH = YES;
				ONLY_ACTIVE_ARCH = YES;
				SDKROOT = iphoneos;
				SWIFT_ACTIVE_COMPILATION_CONDITIONS = DEBUG;
				SWIFT_OPTIMIZATION_LEVEL = "-Onone";
			};
			name = Debug;
		};
		DA8B79BC2B68E27200239AE2 /* Release */ = {
			isa = XCBuildConfiguration;
			buildSettings = {
				ALWAYS_SEARCH_USER_PATHS = NO;
				CLANG_ANALYZER_NONNULL = YES;
				CLANG_ANALYZER_NUMBER_OBJECT_CONVERSION = YES_AGGRESSIVE;
				CLANG_CXX_LANGUAGE_STANDARD = "gnu++20";
				CLANG_ENABLE_MODULES = YES;
				CLANG_ENABLE_OBJC_ARC = YES;
				CLANG_ENABLE_OBJC_WEAK = YES;
				CLANG_WARN_BLOCK_CAPTURE_AUTORELEASING = YES;
				CLANG_WARN_BOOL_CONVERSION = YES;
				CLANG_WARN_COMMA = YES;
				CLANG_WARN_CONSTANT_CONVERSION = YES;
				CLANG_WARN_DEPRECATED_OBJC_IMPLEMENTATIONS = YES;
				CLANG_WARN_DIRECT_OBJC_ISA_USAGE = YES_ERROR;
				CLANG_WARN_DOCUMENTATION_COMMENTS = YES;
				CLANG_WARN_EMPTY_BODY = YES;
				CLANG_WARN_ENUM_CONVERSION = YES;
				CLANG_WARN_INFINITE_RECURSION = YES;
				CLANG_WARN_INT_CONVERSION = YES;
				CLANG_WARN_NON_LITERAL_NULL_CONVERSION = YES;
				CLANG_WARN_OBJC_IMPLICIT_RETAIN_SELF = YES;
				CLANG_WARN_OBJC_LITERAL_CONVERSION = YES;
				CLANG_WARN_OBJC_ROOT_CLASS = YES_ERROR;
				CLANG_WARN_QUOTED_INCLUDE_IN_FRAMEWORK_HEADER = YES;
				CLANG_WARN_RANGE_LOOP_ANALYSIS = YES;
				CLANG_WARN_STRICT_PROTOTYPES = YES;
				CLANG_WARN_SUSPICIOUS_MOVE = YES;
				CLANG_WARN_UNGUARDED_AVAILABILITY = YES_AGGRESSIVE;
				CLANG_WARN_UNREACHABLE_CODE = YES;
				CLANG_WARN__DUPLICATE_METHOD_MATCH = YES;
				COPY_PHASE_STRIP = NO;
				DEBUG_INFORMATION_FORMAT = "dwarf-with-dsym";
				ENABLE_NS_ASSERTIONS = NO;
				ENABLE_STRICT_OBJC_MSGSEND = YES;
				GCC_C_LANGUAGE_STANDARD = gnu11;
				GCC_NO_COMMON_BLOCKS = YES;
				GCC_WARN_64_TO_32_BIT_CONVERSION = YES;
				GCC_WARN_ABOUT_RETURN_TYPE = YES_ERROR;
				GCC_WARN_UNDECLARED_SELECTOR = YES;
				GCC_WARN_UNINITIALIZED_AUTOS = YES_AGGRESSIVE;
				GCC_WARN_UNUSED_FUNCTION = YES;
				GCC_WARN_UNUSED_VARIABLE = YES;
				IPHONEOS_DEPLOYMENT_TARGET = 16.4;
				MTL_ENABLE_DEBUG_INFO = NO;
				MTL_FAST_MATH = YES;
				SDKROOT = iphoneos;
				SWIFT_COMPILATION_MODE = wholemodule;
				SWIFT_OPTIMIZATION_LEVEL = "-O";
				VALIDATE_PRODUCT = YES;
			};
			name = Release;
		};
		DA8B79BE2B68E27200239AE2 /* Debug */ = {
			isa = XCBuildConfiguration;
			buildSettings = {
				ASSETCATALOG_COMPILER_APPICON_NAME = AppIcon;
				ASSETCATALOG_COMPILER_GLOBAL_ACCENT_COLOR_NAME = AccentColor;
				CODE_SIGN_STYLE = Automatic;
				CURRENT_PROJECT_VERSION = 1;
				DEVELOPMENT_ASSET_PATHS = "\"SwiftUIStateSystem/Preview Content\"";
				DEVELOPMENT_TEAM = 7BQ7XA9X92;
				ENABLE_PREVIEWS = YES;
				GENERATE_INFOPLIST_FILE = YES;
				INFOPLIST_KEY_UIApplicationSceneManifest_Generation = YES;
				INFOPLIST_KEY_UIApplicationSupportsIndirectInputEvents = YES;
				INFOPLIST_KEY_UILaunchScreen_Generation = YES;
				INFOPLIST_KEY_UISupportedInterfaceOrientations_iPad = "UIInterfaceOrientationPortrait UIInterfaceOrientationPortraitUpsideDown UIInterfaceOrientationLandscapeLeft UIInterfaceOrientationLandscapeRight";
				INFOPLIST_KEY_UISupportedInterfaceOrientations_iPhone = "UIInterfaceOrientationPortrait UIInterfaceOrientationLandscapeLeft UIInterfaceOrientationLandscapeRight";
				LD_RUNPATH_SEARCH_PATHS = (
					"$(inherited)",
					"@executable_path/Frameworks",
				);
				MARKETING_VERSION = 1.0;
				PRODUCT_BUNDLE_IDENTIFIER = com.example.karthikkmanoj.SwiftUIStateSystem;
				PRODUCT_NAME = "$(TARGET_NAME)";
				SWIFT_EMIT_LOC_STRINGS = YES;
				SWIFT_VERSION = 5.0;
				TARGETED_DEVICE_FAMILY = "1,2";
			};
			name = Debug;
		};
		DA8B79BF2B68E27200239AE2 /* Release */ = {
			isa = XCBuildConfiguration;
			buildSettings = {
				ASSETCATALOG_COMPILER_APPICON_NAME = AppIcon;
				ASSETCATALOG_COMPILER_GLOBAL_ACCENT_COLOR_NAME = AccentColor;
				CODE_SIGN_STYLE = Automatic;
				CURRENT_PROJECT_VERSION = 1;
				DEVELOPMENT_ASSET_PATHS = "\"SwiftUIStateSystem/Preview Content\"";
				DEVELOPMENT_TEAM = 7BQ7XA9X92;
				ENABLE_PREVIEWS = YES;
				GENERATE_INFOPLIST_FILE = YES;
				INFOPLIST_KEY_UIApplicationSceneManifest_Generation = YES;
				INFOPLIST_KEY_UIApplicationSupportsIndirectInputEvents = YES;
				INFOPLIST_KEY_UILaunchScreen_Generation = YES;
				INFOPLIST_KEY_UISupportedInterfaceOrientations_iPad = "UIInterfaceOrientationPortrait UIInterfaceOrientationPortraitUpsideDown UIInterfaceOrientationLandscapeLeft UIInterfaceOrientationLandscapeRight";
				INFOPLIST_KEY_UISupportedInterfaceOrientations_iPhone = "UIInterfaceOrientationPortrait UIInterfaceOrientationLandscapeLeft UIInterfaceOrientationLandscapeRight";
				LD_RUNPATH_SEARCH_PATHS = (
					"$(inherited)",
					"@executable_path/Frameworks",
				);
				MARKETING_VERSION = 1.0;
				PRODUCT_BUNDLE_IDENTIFIER = com.example.karthikkmanoj.SwiftUIStateSystem;
				PRODUCT_NAME = "$(TARGET_NAME)";
				SWIFT_EMIT_LOC_STRINGS = YES;
				SWIFT_VERSION = 5.0;
				TARGETED_DEVICE_FAMILY = "1,2";
			};
			name = Release;
		};
		DA8B79D12B6905A200239AE2 /* Debug */ = {
			isa = XCBuildConfiguration;
			buildSettings = {
				BUNDLE_LOADER = "$(TEST_HOST)";
				CODE_SIGN_STYLE = Automatic;
				CURRENT_PROJECT_VERSION = 1;
				DEVELOPMENT_TEAM = 7BQ7XA9X92;
				GENERATE_INFOPLIST_FILE = YES;
				MARKETING_VERSION = 1.0;
				PRODUCT_BUNDLE_IDENTIFIER = com.example.karthikkmanoj.SwiftUIStateSystemTests;
				PRODUCT_NAME = "$(TARGET_NAME)";
				SWIFT_EMIT_LOC_STRINGS = NO;
				SWIFT_VERSION = 5.0;
				TARGETED_DEVICE_FAMILY = "1,2";
				TEST_HOST = "$(BUILT_PRODUCTS_DIR)/SwiftUIStateSystem.app/$(BUNDLE_EXECUTABLE_FOLDER_PATH)/SwiftUIStateSystem";
			};
			name = Debug;
		};
		DA8B79D22B6905A200239AE2 /* Release */ = {
			isa = XCBuildConfiguration;
			buildSettings = {
				BUNDLE_LOADER = "$(TEST_HOST)";
				CODE_SIGN_STYLE = Automatic;
				CURRENT_PROJECT_VERSION = 1;
				DEVELOPMENT_TEAM = 7BQ7XA9X92;
				GENERATE_INFOPLIST_FILE = YES;
				MARKETING_VERSION = 1.0;
				PRODUCT_BUNDLE_IDENTIFIER = com.example.karthikkmanoj.SwiftUIStateSystemTests;
				PRODUCT_NAME = "$(TARGET_NAME)";
				SWIFT_EMIT_LOC_STRINGS = NO;
				SWIFT_VERSION = 5.0;
				TARGETED_DEVICE_FAMILY = "1,2";
				TEST_HOST = "$(BUILT_PRODUCTS_DIR)/SwiftUIStateSystem.app/$(BUNDLE_EXECUTABLE_FOLDER_PATH)/SwiftUIStateSystem";
			};
			name = Release;
		};
/* End XCBuildConfiguration section */

/* Begin XCConfigurationList section */
		DA8B79AA2B68E27100239AE2 /* Build configuration list for PBXProject "SwiftUIStateSystem" */ = {
			isa = XCConfigurationList;
			buildConfigurations = (
				DA8B79BB2B68E27200239AE2 /* Debug */,
				DA8B79BC2B68E27200239AE2 /* Release */,
			);
			defaultConfigurationIsVisible = 0;
			defaultConfigurationName = Release;
		};
		DA8B79BD2B68E27200239AE2 /* Build configuration list for PBXNativeTarget "SwiftUIStateSystem" */ = {
			isa = XCConfigurationList;
			buildConfigurations = (
				DA8B79BE2B68E27200239AE2 /* Debug */,
				DA8B79BF2B68E27200239AE2 /* Release */,
			);
			defaultConfigurationIsVisible = 0;
			defaultConfigurationName = Release;
		};
		DA8B79D02B6905A200239AE2 /* Build configuration list for PBXNativeTarget "SwiftUIStateSystemTests" */ = {
			isa = XCConfigurationList;
			buildConfigurations = (
				DA8B79D12B6905A200239AE2 /* Debug */,
				DA8B79D22B6905A200239AE2 /* Release */,
			);
			defaultConfigurationIsVisible = 0;
			defaultConfigurationName = Release;
		};
/* End XCConfigurationList section */
	};
	rootObject = DA8B79A72B68E27100239AE2 /* Project object */;
}
